
Microsoft Visual Studio Solution File, Format Version 12.00
# Visual Studio Version 17
VisualStudioVersion = 17.9.34728.123
MinimumVisualStudioVersion = 10.0.40219.1
Project("{FAE04EC0-301F-11D3-BF4B-00C04F79EFBC}") = "crud app", "crud app\crud app.csproj", "{32B06F5B-16EB-42B3-A78B-99E64D6E8845}"
EndProject
Global
	GlobalSection(SolutionConfigurationPlatforms) = preSolution
		Debug|Any CPU = Debug|Any CPU
		Release|Any CPU = Release|Any CPU
	EndGlobalSection
	GlobalSection(ProjectConfigurationPlatforms) = postSolution
		{32B06F5B-16EB-42B3-A78B-99E64D6E8845}.Debug|Any CPU.ActiveCfg = Debug|Any CPU
		{32B06F5B-16EB-42B3-A78B-99E64D6E8845}.Debug|Any CPU.Build.0 = Debug|Any CPU
		{32B06F5B-16EB-42B3-A78B-99E64D6E8845}.Release|Any CPU.ActiveCfg = Release|Any CPU
		{32B06F5B-16EB-42B3-A78B-99E64D6E8845}.Release|Any CPU.Build.0 = Release|Any CPU
	EndGlobalSection
	GlobalSection(SolutionProperties) = preSolution
		HideSolutionNode = FALSE
	EndGlobalSection
	GlobalSection(ExtensibilityGlobals) = postSolution
		SolutionGuid = {26E6BC79-C77E-4DC6-BDD5-3A89F8386622}
	EndGlobalSection
EndGlobal
